// !$*UTF8*$!
{
	archiveVersion = 1;
	classes = {
	};
	objectVersion = 56;
	objects = {

/* Begin PBXBuildFile section */
		97417E2E29948F19009CE969 /* GoalManager.swift in Sources */ = {isa = PBXBuildFile; fileRef = 97417E2D29948F19009CE969 /* GoalManager.swift */; };
		97417E3129949064009CE969 /* GoalService.swift in Sources */ = {isa = PBXBuildFile; fileRef = 97417E3029949064009CE969 /* GoalService.swift */; };
		97417E332994932B009CE969 /* KidManager.swift in Sources */ = {isa = PBXBuildFile; fileRef = 97417E322994932B009CE969 /* KidManager.swift */; };
		97417E3529949351009CE969 /* KidService.swift in Sources */ = {isa = PBXBuildFile; fileRef = 97417E3429949351009CE969 /* KidService.swift */; };
		97726C52299D4022001CBDEC /* PGConfig.swift in Sources */ = {isa = PBXBuildFile; fileRef = 97726C51299D4022001CBDEC /* PGConfig.swift */; };
		97871AB529921EA800B0FDA4 /* PostgresClientKit in Frameworks */ = {isa = PBXBuildFile; productRef = 97871AB429921EA800B0FDA4 /* PostgresClientKit */; };
		CF5FDC1B2989C17C00F7FCA8 /* ProfileHeader.swift in Sources */ = {isa = PBXBuildFile; fileRef = CF5FDC1A2989C17C00F7FCA8 /* ProfileHeader.swift */; };
		CF5FDC202989E20E00F7FCA8 /* KidDetailsView.swift in Sources */ = {isa = PBXBuildFile; fileRef = CF5FDC1F2989E20E00F7FCA8 /* KidDetailsView.swift */; };
		CF5FDC222989E2F500F7FCA8 /* AddKidView.swift in Sources */ = {isa = PBXBuildFile; fileRef = CF5FDC212989E2F500F7FCA8 /* AddKidView.swift */; };
		CF5FDC242989E50700F7FCA8 /* GoalEditorView.swift in Sources */ = {isa = PBXBuildFile; fileRef = CF5FDC232989E50700F7FCA8 /* GoalEditorView.swift */; };
		CF5FDC282989E54000F7FCA8 /* Kid.swift in Sources */ = {isa = PBXBuildFile; fileRef = CF5FDC272989E54000F7FCA8 /* Kid.swift */; };
		CF5FDC2A2989E57F00F7FCA8 /* Goal.swift in Sources */ = {isa = PBXBuildFile; fileRef = CF5FDC292989E57F00F7FCA8 /* Goal.swift */; };
		CF5FDC2C298B120900F7FCA8 /* CreateTransactionView.swift in Sources */ = {isa = PBXBuildFile; fileRef = CF5FDC2B298B120900F7FCA8 /* CreateTransactionView.swift */; };
		CF5FDC542995EC3200F7FCA8 /* TransactionService.swift in Sources */ = {isa = PBXBuildFile; fileRef = CF5FDC532995EC3200F7FCA8 /* TransactionService.swift */; };
		CF5FDC562995EC5D00F7FCA8 /* Transaction.swift in Sources */ = {isa = PBXBuildFile; fileRef = CF5FDC552995EC5D00F7FCA8 /* Transaction.swift */; };
		CF5FDC582995F28B00F7FCA8 /* TransactionManager.swift in Sources */ = {isa = PBXBuildFile; fileRef = CF5FDC572995F28B00F7FCA8 /* TransactionManager.swift */; };
		CF5FDC5A2996ADBD00F7FCA8 /* AllTransactionsRow.swift in Sources */ = {isa = PBXBuildFile; fileRef = CF5FDC592996ADBD00F7FCA8 /* AllTransactionsRow.swift */; };
		CF5FDC5C2996B13E00F7FCA8 /* TransactionDetails.swift in Sources */ = {isa = PBXBuildFile; fileRef = CF5FDC5B2996B13E00F7FCA8 /* TransactionDetails.swift */; };
		CF5FDC5F299D264800F7FCA8 /* Extensions.swift in Sources */ = {isa = PBXBuildFile; fileRef = CF5FDC5E299D264800F7FCA8 /* Extensions.swift */; };
		CF5FDC61299D2E5E00F7FCA8 /* KidProfileTag.swift in Sources */ = {isa = PBXBuildFile; fileRef = CF5FDC60299D2E5E00F7FCA8 /* KidProfileTag.swift */; };
		CFDB82962976F08D001317A3 /* piggy_bankers_appApp.swift in Sources */ = {isa = PBXBuildFile; fileRef = CFDB82952976F08D001317A3 /* piggy_bankers_appApp.swift */; };
		CFDB82982976F08D001317A3 /* WelcomeView.swift in Sources */ = {isa = PBXBuildFile; fileRef = CFDB82972976F08D001317A3 /* WelcomeView.swift */; };
		CFDB829A2976F08E001317A3 /* Assets.xcassets in Resources */ = {isa = PBXBuildFile; fileRef = CFDB82992976F08E001317A3 /* Assets.xcassets */; };
		CFDB829D2976F08E001317A3 /* Preview Assets.xcassets in Resources */ = {isa = PBXBuildFile; fileRef = CFDB829C2976F08E001317A3 /* Preview Assets.xcassets */; };
		CFDB82A72976F08E001317A3 /* piggy_bankers_appTests.swift in Sources */ = {isa = PBXBuildFile; fileRef = CFDB82A62976F08E001317A3 /* piggy_bankers_appTests.swift */; };
		CFDB82B12976F08E001317A3 /* piggy_bankers_appUITests.swift in Sources */ = {isa = PBXBuildFile; fileRef = CFDB82B02976F08E001317A3 /* piggy_bankers_appUITests.swift */; };
		CFDB82B32976F08E001317A3 /* piggy_bankers_appUITestsLaunchTests.swift in Sources */ = {isa = PBXBuildFile; fileRef = CFDB82B22976F08E001317A3 /* piggy_bankers_appUITestsLaunchTests.swift */; };
		CFDB82C0297AE8BF001317A3 /* UserManager.swift in Sources */ = {isa = PBXBuildFile; fileRef = CFDB82BF297AE8BF001317A3 /* UserManager.swift */; };
		CFDB82C4297AFE8B001317A3 /* LogInView.swift in Sources */ = {isa = PBXBuildFile; fileRef = CFDB82C3297AFE8B001317A3 /* LogInView.swift */; };
		CFDB82C6297AFE97001317A3 /* SignUpView.swift in Sources */ = {isa = PBXBuildFile; fileRef = CFDB82C5297AFE97001317A3 /* SignUpView.swift */; };
		CFDB82C8297B05D7001317A3 /* ActiveUserView.swift in Sources */ = {isa = PBXBuildFile; fileRef = CFDB82C7297B05D7001317A3 /* ActiveUserView.swift */; };
		CFDB82CA297B06C8001317A3 /* HomeView.swift in Sources */ = {isa = PBXBuildFile; fileRef = CFDB82C9297B06C8001317A3 /* HomeView.swift */; };
		CFDB82CC297B06D4001317A3 /* KidsView.swift in Sources */ = {isa = PBXBuildFile; fileRef = CFDB82CB297B06D4001317A3 /* KidsView.swift */; };
		CFDB82CE297B06E6001317A3 /* ProfileView.swift in Sources */ = {isa = PBXBuildFile; fileRef = CFDB82CD297B06E6001317A3 /* ProfileView.swift */; };
/* End PBXBuildFile section */

/* Begin PBXContainerItemProxy section */
		CFDB82A32976F08E001317A3 /* PBXContainerItemProxy */ = {
			isa = PBXContainerItemProxy;
			containerPortal = CFDB828A2976F08D001317A3 /* Project object */;
			proxyType = 1;
			remoteGlobalIDString = CFDB82912976F08D001317A3;
			remoteInfo = piggy_bankers_app;
		};
		CFDB82AD2976F08E001317A3 /* PBXContainerItemProxy */ = {
			isa = PBXContainerItemProxy;
			containerPortal = CFDB828A2976F08D001317A3 /* Project object */;
			proxyType = 1;
			remoteGlobalIDString = CFDB82912976F08D001317A3;
			remoteInfo = piggy_bankers_app;
		};
/* End PBXContainerItemProxy section */

/* Begin PBXFileReference section */
		97417E2D29948F19009CE969 /* GoalManager.swift */ = {isa = PBXFileReference; lastKnownFileType = sourcecode.swift; path = GoalManager.swift; sourceTree = "<group>"; };
		97417E3029949064009CE969 /* GoalService.swift */ = {isa = PBXFileReference; lastKnownFileType = sourcecode.swift; path = GoalService.swift; sourceTree = "<group>"; };
		97417E322994932B009CE969 /* KidManager.swift */ = {isa = PBXFileReference; lastKnownFileType = sourcecode.swift; path = KidManager.swift; sourceTree = "<group>"; };
		97417E3429949351009CE969 /* KidService.swift */ = {isa = PBXFileReference; lastKnownFileType = sourcecode.swift; path = KidService.swift; sourceTree = "<group>"; };
		97726C51299D4022001CBDEC /* PGConfig.swift */ = {isa = PBXFileReference; lastKnownFileType = sourcecode.swift; path = PGConfig.swift; sourceTree = "<group>"; };
		CF5FDC1A2989C17C00F7FCA8 /* ProfileHeader.swift */ = {isa = PBXFileReference; lastKnownFileType = sourcecode.swift; path = ProfileHeader.swift; sourceTree = "<group>"; };
		CF5FDC1F2989E20E00F7FCA8 /* KidDetailsView.swift */ = {isa = PBXFileReference; lastKnownFileType = sourcecode.swift; path = KidDetailsView.swift; sourceTree = "<group>"; };
		CF5FDC212989E2F500F7FCA8 /* AddKidView.swift */ = {isa = PBXFileReference; lastKnownFileType = sourcecode.swift; path = AddKidView.swift; sourceTree = "<group>"; };
		CF5FDC232989E50700F7FCA8 /* GoalEditorView.swift */ = {isa = PBXFileReference; lastKnownFileType = sourcecode.swift; path = GoalEditorView.swift; sourceTree = "<group>"; };
		CF5FDC272989E54000F7FCA8 /* Kid.swift */ = {isa = PBXFileReference; lastKnownFileType = sourcecode.swift; path = Kid.swift; sourceTree = "<group>"; };
		CF5FDC292989E57F00F7FCA8 /* Goal.swift */ = {isa = PBXFileReference; lastKnownFileType = sourcecode.swift; path = Goal.swift; sourceTree = "<group>"; };
		CF5FDC2B298B120900F7FCA8 /* CreateTransactionView.swift */ = {isa = PBXFileReference; lastKnownFileType = sourcecode.swift; path = CreateTransactionView.swift; sourceTree = "<group>"; };
		CF5FDC532995EC3200F7FCA8 /* TransactionService.swift */ = {isa = PBXFileReference; lastKnownFileType = sourcecode.swift; path = TransactionService.swift; sourceTree = "<group>"; };
		CF5FDC552995EC5D00F7FCA8 /* Transaction.swift */ = {isa = PBXFileReference; lastKnownFileType = sourcecode.swift; path = Transaction.swift; sourceTree = "<group>"; };
		CF5FDC572995F28B00F7FCA8 /* TransactionManager.swift */ = {isa = PBXFileReference; lastKnownFileType = sourcecode.swift; path = TransactionManager.swift; sourceTree = "<group>"; };
		CF5FDC592996ADBD00F7FCA8 /* AllTransactionsRow.swift */ = {isa = PBXFileReference; lastKnownFileType = sourcecode.swift; path = AllTransactionsRow.swift; sourceTree = "<group>"; };
		CF5FDC5B2996B13E00F7FCA8 /* TransactionDetails.swift */ = {isa = PBXFileReference; lastKnownFileType = sourcecode.swift; path = TransactionDetails.swift; sourceTree = "<group>"; };
		CF5FDC5E299D264800F7FCA8 /* Extensions.swift */ = {isa = PBXFileReference; lastKnownFileType = sourcecode.swift; path = Extensions.swift; sourceTree = "<group>"; };
		CF5FDC60299D2E5E00F7FCA8 /* KidProfileTag.swift */ = {isa = PBXFileReference; lastKnownFileType = sourcecode.swift; path = KidProfileTag.swift; sourceTree = "<group>"; };
		CFDB82922976F08D001317A3 /* piggy_bankers_app.app */ = {isa = PBXFileReference; explicitFileType = wrapper.application; includeInIndex = 0; path = piggy_bankers_app.app; sourceTree = BUILT_PRODUCTS_DIR; };
		CFDB82952976F08D001317A3 /* piggy_bankers_appApp.swift */ = {isa = PBXFileReference; lastKnownFileType = sourcecode.swift; path = piggy_bankers_appApp.swift; sourceTree = "<group>"; };
		CFDB82972976F08D001317A3 /* WelcomeView.swift */ = {isa = PBXFileReference; lastKnownFileType = sourcecode.swift; path = WelcomeView.swift; sourceTree = "<group>"; };
		CFDB82992976F08E001317A3 /* Assets.xcassets */ = {isa = PBXFileReference; lastKnownFileType = folder.assetcatalog; path = Assets.xcassets; sourceTree = "<group>"; };
		CFDB829C2976F08E001317A3 /* Preview Assets.xcassets */ = {isa = PBXFileReference; lastKnownFileType = folder.assetcatalog; path = "Preview Assets.xcassets"; sourceTree = "<group>"; };
		CFDB82A22976F08E001317A3 /* piggy_bankers_appTests.xctest */ = {isa = PBXFileReference; explicitFileType = wrapper.cfbundle; includeInIndex = 0; path = piggy_bankers_appTests.xctest; sourceTree = BUILT_PRODUCTS_DIR; };
		CFDB82A62976F08E001317A3 /* piggy_bankers_appTests.swift */ = {isa = PBXFileReference; lastKnownFileType = sourcecode.swift; path = piggy_bankers_appTests.swift; sourceTree = "<group>"; };
		CFDB82AC2976F08E001317A3 /* piggy_bankers_appUITests.xctest */ = {isa = PBXFileReference; explicitFileType = wrapper.cfbundle; includeInIndex = 0; path = piggy_bankers_appUITests.xctest; sourceTree = BUILT_PRODUCTS_DIR; };
		CFDB82B02976F08E001317A3 /* piggy_bankers_appUITests.swift */ = {isa = PBXFileReference; lastKnownFileType = sourcecode.swift; path = piggy_bankers_appUITests.swift; sourceTree = "<group>"; };
		CFDB82B22976F08E001317A3 /* piggy_bankers_appUITestsLaunchTests.swift */ = {isa = PBXFileReference; lastKnownFileType = sourcecode.swift; path = piggy_bankers_appUITestsLaunchTests.swift; sourceTree = "<group>"; };
		CFDB82BF297AE8BF001317A3 /* UserManager.swift */ = {isa = PBXFileReference; lastKnownFileType = sourcecode.swift; path = UserManager.swift; sourceTree = "<group>"; };
		CFDB82C3297AFE8B001317A3 /* LogInView.swift */ = {isa = PBXFileReference; lastKnownFileType = sourcecode.swift; path = LogInView.swift; sourceTree = "<group>"; };
		CFDB82C5297AFE97001317A3 /* SignUpView.swift */ = {isa = PBXFileReference; lastKnownFileType = sourcecode.swift; path = SignUpView.swift; sourceTree = "<group>"; };
		CFDB82C7297B05D7001317A3 /* ActiveUserView.swift */ = {isa = PBXFileReference; lastKnownFileType = sourcecode.swift; path = ActiveUserView.swift; sourceTree = "<group>"; };
		CFDB82C9297B06C8001317A3 /* HomeView.swift */ = {isa = PBXFileReference; lastKnownFileType = sourcecode.swift; path = HomeView.swift; sourceTree = "<group>"; };
		CFDB82CB297B06D4001317A3 /* KidsView.swift */ = {isa = PBXFileReference; lastKnownFileType = sourcecode.swift; path = KidsView.swift; sourceTree = "<group>"; };
		CFDB82CD297B06E6001317A3 /* ProfileView.swift */ = {isa = PBXFileReference; lastKnownFileType = sourcecode.swift; path = ProfileView.swift; sourceTree = "<group>"; };
/* End PBXFileReference section */

/* Begin PBXFrameworksBuildPhase section */
		CFDB828F2976F08D001317A3 /* Frameworks */ = {
			isa = PBXFrameworksBuildPhase;
			buildActionMask = 2147483647;
			files = (
				97871AB529921EA800B0FDA4 /* PostgresClientKit in Frameworks */,
			);
			runOnlyForDeploymentPostprocessing = 0;
		};
		CFDB829F2976F08E001317A3 /* Frameworks */ = {
			isa = PBXFrameworksBuildPhase;
			buildActionMask = 2147483647;
			files = (
			);
			runOnlyForDeploymentPostprocessing = 0;
		};
		CFDB82A92976F08E001317A3 /* Frameworks */ = {
			isa = PBXFrameworksBuildPhase;
			buildActionMask = 2147483647;
			files = (
			);
			runOnlyForDeploymentPostprocessing = 0;
		};
/* End PBXFrameworksBuildPhase section */

/* Begin PBXGroup section */
		97417E2F29949049009CE969 /* Service */ = {
			isa = PBXGroup;
			children = (
				97417E3029949064009CE969 /* GoalService.swift */,
				97417E3429949351009CE969 /* KidService.swift */,
				CF5FDC532995EC3200F7FCA8 /* TransactionService.swift */,
				97726C51299D4022001CBDEC /* PGConfig.swift */,
			);
			path = Service;
			sourceTree = "<group>";
		};
		CF5FDC182989C0C200F7FCA8 /* Model */ = {
			isa = PBXGroup;
			children = (
				CF5FDC272989E54000F7FCA8 /* Kid.swift */,
				CF5FDC292989E57F00F7FCA8 /* Goal.swift */,
				CF5FDC552995EC5D00F7FCA8 /* Transaction.swift */,
			);
			path = Model;
			sourceTree = "<group>";
		};
		CF5FDC192989C16800F7FCA8 /* Profile */ = {
			isa = PBXGroup;
			children = (
				CFDB82CD297B06E6001317A3 /* ProfileView.swift */,
				CF5FDC1A2989C17C00F7FCA8 /* ProfileHeader.swift */,
				CF5FDC2B298B120900F7FCA8 /* CreateTransactionView.swift */,
				CF5FDC592996ADBD00F7FCA8 /* AllTransactionsRow.swift */,
				CF5FDC5B2996B13E00F7FCA8 /* TransactionDetails.swift */,
			);
			path = Profile;
			sourceTree = "<group>";
		};
		CF5FDC1E2989E1F300F7FCA8 /* Kid */ = {
			isa = PBXGroup;
			children = (
				CFDB82CB297B06D4001317A3 /* KidsView.swift */,
				CF5FDC1F2989E20E00F7FCA8 /* KidDetailsView.swift */,
				CF5FDC212989E2F500F7FCA8 /* AddKidView.swift */,
				CF5FDC232989E50700F7FCA8 /* GoalEditorView.swift */,
				CF5FDC60299D2E5E00F7FCA8 /* KidProfileTag.swift */,
			);
			path = Kid;
			sourceTree = "<group>";
		};
		CF5FDC5D299D263400F7FCA8 /* Utilities */ = {
			isa = PBXGroup;
			children = (
				CF5FDC5E299D264800F7FCA8 /* Extensions.swift */,
			);
			path = Utilities;
			sourceTree = "<group>";
		};
		CFDB82892976F08D001317A3 = {
			isa = PBXGroup;
			children = (
				CFDB82942976F08D001317A3 /* piggy_bankers_app */,
				CFDB82A52976F08E001317A3 /* piggy_bankers_appTests */,
				CFDB82AF2976F08E001317A3 /* piggy_bankers_appUITests */,
				CFDB82932976F08D001317A3 /* Products */,
			);
			sourceTree = "<group>";
		};
		CFDB82932976F08D001317A3 /* Products */ = {
			isa = PBXGroup;
			children = (
				CFDB82922976F08D001317A3 /* piggy_bankers_app.app */,
				CFDB82A22976F08E001317A3 /* piggy_bankers_appTests.xctest */,
				CFDB82AC2976F08E001317A3 /* piggy_bankers_appUITests.xctest */,
			);
			name = Products;
			sourceTree = "<group>";
		};
		CFDB82942976F08D001317A3 /* piggy_bankers_app */ = {
			isa = PBXGroup;
			children = (
				CF5FDC5D299D263400F7FCA8 /* Utilities */,
				CFDB82952976F08D001317A3 /* piggy_bankers_appApp.swift */,
				CF5FDC182989C0C200F7FCA8 /* Model */,
				CFDB82C2297AE8D5001317A3 /* View */,
				CFDB82C1297AE8CB001317A3 /* ViewModel */,
				CFDB82992976F08E001317A3 /* Assets.xcassets */,
				CFDB829B2976F08E001317A3 /* Preview Content */,
			);
			path = piggy_bankers_app;
			sourceTree = "<group>";
		};
		CFDB829B2976F08E001317A3 /* Preview Content */ = {
			isa = PBXGroup;
			children = (
				CFDB829C2976F08E001317A3 /* Preview Assets.xcassets */,
			);
			path = "Preview Content";
			sourceTree = "<group>";
		};
		CFDB82A52976F08E001317A3 /* piggy_bankers_appTests */ = {
			isa = PBXGroup;
			children = (
				CFDB82A62976F08E001317A3 /* piggy_bankers_appTests.swift */,
			);
			path = piggy_bankers_appTests;
			sourceTree = "<group>";
		};
		CFDB82AF2976F08E001317A3 /* piggy_bankers_appUITests */ = {
			isa = PBXGroup;
			children = (
				CFDB82B02976F08E001317A3 /* piggy_bankers_appUITests.swift */,
				CFDB82B22976F08E001317A3 /* piggy_bankers_appUITestsLaunchTests.swift */,
			);
			path = piggy_bankers_appUITests;
			sourceTree = "<group>";
		};
		CFDB82C1297AE8CB001317A3 /* ViewModel */ = {
			isa = PBXGroup;
			children = (
				97417E2F29949049009CE969 /* Service */,
				CFDB82BF297AE8BF001317A3 /* UserManager.swift */,
				97417E2D29948F19009CE969 /* GoalManager.swift */,
				97417E322994932B009CE969 /* KidManager.swift */,
				CF5FDC572995F28B00F7FCA8 /* TransactionManager.swift */,
			);
			path = ViewModel;
			sourceTree = "<group>";
		};
		CFDB82C2297AE8D5001317A3 /* View */ = {
			isa = PBXGroup;
			children = (
				CFDB82972976F08D001317A3 /* WelcomeView.swift */,
				CFDB82C3297AFE8B001317A3 /* LogInView.swift */,
				CFDB82C5297AFE97001317A3 /* SignUpView.swift */,
				CFDB82C7297B05D7001317A3 /* ActiveUserView.swift */,
				CFDB82C9297B06C8001317A3 /* HomeView.swift */,
				CF5FDC1E2989E1F300F7FCA8 /* Kid */,
				CF5FDC192989C16800F7FCA8 /* Profile */,
			);
			path = View;
			sourceTree = "<group>";
		};
/* End PBXGroup section */

/* Begin PBXNativeTarget section */
		CFDB82912976F08D001317A3 /* piggy_bankers_app */ = {
			isa = PBXNativeTarget;
			buildConfigurationList = CFDB82B62976F08E001317A3 /* Build configuration list for PBXNativeTarget "piggy_bankers_app" */;
			buildPhases = (
				CFDB828E2976F08D001317A3 /* Sources */,
				CFDB828F2976F08D001317A3 /* Frameworks */,
				CFDB82902976F08D001317A3 /* Resources */,
			);
			buildRules = (
			);
			dependencies = (
			);
			name = piggy_bankers_app;
			packageProductDependencies = (
				97871AB429921EA800B0FDA4 /* PostgresClientKit */,
			);
			productName = piggy_bankers_app;
			productReference = CFDB82922976F08D001317A3 /* piggy_bankers_app.app */;
			productType = "com.apple.product-type.application";
		};
		CFDB82A12976F08E001317A3 /* piggy_bankers_appTests */ = {
			isa = PBXNativeTarget;
			buildConfigurationList = CFDB82B92976F08E001317A3 /* Build configuration list for PBXNativeTarget "piggy_bankers_appTests" */;
			buildPhases = (
				CFDB829E2976F08E001317A3 /* Sources */,
				CFDB829F2976F08E001317A3 /* Frameworks */,
				CFDB82A02976F08E001317A3 /* Resources */,
			);
			buildRules = (
			);
			dependencies = (
				CFDB82A42976F08E001317A3 /* PBXTargetDependency */,
			);
			name = piggy_bankers_appTests;
			productName = piggy_bankers_appTests;
			productReference = CFDB82A22976F08E001317A3 /* piggy_bankers_appTests.xctest */;
			productType = "com.apple.product-type.bundle.unit-test";
		};
		CFDB82AB2976F08E001317A3 /* piggy_bankers_appUITests */ = {
			isa = PBXNativeTarget;
			buildConfigurationList = CFDB82BC2976F08E001317A3 /* Build configuration list for PBXNativeTarget "piggy_bankers_appUITests" */;
			buildPhases = (
				CFDB82A82976F08E001317A3 /* Sources */,
				CFDB82A92976F08E001317A3 /* Frameworks */,
				CFDB82AA2976F08E001317A3 /* Resources */,
			);
			buildRules = (
			);
			dependencies = (
				CFDB82AE2976F08E001317A3 /* PBXTargetDependency */,
			);
			name = piggy_bankers_appUITests;
			productName = piggy_bankers_appUITests;
			productReference = CFDB82AC2976F08E001317A3 /* piggy_bankers_appUITests.xctest */;
			productType = "com.apple.product-type.bundle.ui-testing";
		};
/* End PBXNativeTarget section */

/* Begin PBXProject section */
		CFDB828A2976F08D001317A3 /* Project object */ = {
			isa = PBXProject;
			attributes = {
				BuildIndependentTargetsInParallel = 1;
				LastSwiftUpdateCheck = 1420;
				LastUpgradeCheck = 1420;
				TargetAttributes = {
					CFDB82912976F08D001317A3 = {
						CreatedOnToolsVersion = 14.2;
					};
					CFDB82A12976F08E001317A3 = {
						CreatedOnToolsVersion = 14.2;
						TestTargetID = CFDB82912976F08D001317A3;
					};
					CFDB82AB2976F08E001317A3 = {
						CreatedOnToolsVersion = 14.2;
						TestTargetID = CFDB82912976F08D001317A3;
					};
				};
			};
			buildConfigurationList = CFDB828D2976F08D001317A3 /* Build configuration list for PBXProject "piggy_bankers_app" */;
			compatibilityVersion = "Xcode 14.0";
			developmentRegion = en;
			hasScannedForEncodings = 0;
			knownRegions = (
				en,
				Base,
			);
			mainGroup = CFDB82892976F08D001317A3;
			packageReferences = (
				97871AB329921EA800B0FDA4 /* XCRemoteSwiftPackageReference "PostgresClientKit" */,
			);
			productRefGroup = CFDB82932976F08D001317A3 /* Products */;
			projectDirPath = "";
			projectRoot = "";
			targets = (
				CFDB82912976F08D001317A3 /* piggy_bankers_app */,
				CFDB82A12976F08E001317A3 /* piggy_bankers_appTests */,
				CFDB82AB2976F08E001317A3 /* piggy_bankers_appUITests */,
			);
		};
/* End PBXProject section */

/* Begin PBXResourcesBuildPhase section */
		CFDB82902976F08D001317A3 /* Resources */ = {
			isa = PBXResourcesBuildPhase;
			buildActionMask = 2147483647;
			files = (
				CFDB829D2976F08E001317A3 /* Preview Assets.xcassets in Resources */,
				CFDB829A2976F08E001317A3 /* Assets.xcassets in Resources */,
			);
			runOnlyForDeploymentPostprocessing = 0;
		};
		CFDB82A02976F08E001317A3 /* Resources */ = {
			isa = PBXResourcesBuildPhase;
			buildActionMask = 2147483647;
			files = (
			);
			runOnlyForDeploymentPostprocessing = 0;
		};
		CFDB82AA2976F08E001317A3 /* Resources */ = {
			isa = PBXResourcesBuildPhase;
			buildActionMask = 2147483647;
			files = (
			);
			runOnlyForDeploymentPostprocessing = 0;
		};
/* End PBXResourcesBuildPhase section */

/* Begin PBXSourcesBuildPhase section */
		CFDB828E2976F08D001317A3 /* Sources */ = {
			isa = PBXSourcesBuildPhase;
			buildActionMask = 2147483647;
			files = (
				CFDB82C0297AE8BF001317A3 /* UserManager.swift in Sources */,
				CFDB82CE297B06E6001317A3 /* ProfileView.swift in Sources */,
				CF5FDC242989E50700F7FCA8 /* GoalEditorView.swift in Sources */,
				CF5FDC5A2996ADBD00F7FCA8 /* AllTransactionsRow.swift in Sources */,
				CFDB82CA297B06C8001317A3 /* HomeView.swift in Sources */,
				CFDB82C6297AFE97001317A3 /* SignUpView.swift in Sources */,
				CF5FDC202989E20E00F7FCA8 /* KidDetailsView.swift in Sources */,
				CF5FDC542995EC3200F7FCA8 /* TransactionService.swift in Sources */,
				CF5FDC222989E2F500F7FCA8 /* AddKidView.swift in Sources */,
				CFDB82CC297B06D4001317A3 /* KidsView.swift in Sources */,
				CF5FDC2A2989E57F00F7FCA8 /* Goal.swift in Sources */,
				CFDB82982976F08D001317A3 /* WelcomeView.swift in Sources */,
				CFDB82C8297B05D7001317A3 /* ActiveUserView.swift in Sources */,
				CF5FDC282989E54000F7FCA8 /* Kid.swift in Sources */,
				CF5FDC5C2996B13E00F7FCA8 /* TransactionDetails.swift in Sources */,
				CF5FDC562995EC5D00F7FCA8 /* Transaction.swift in Sources */,
				CFDB82C4297AFE8B001317A3 /* LogInView.swift in Sources */,
				CF5FDC2C298B120900F7FCA8 /* CreateTransactionView.swift in Sources */,
				97726C52299D4022001CBDEC /* PGConfig.swift in Sources */,
				CF5FDC1B2989C17C00F7FCA8 /* ProfileHeader.swift in Sources */,
				97417E3129949064009CE969 /* GoalService.swift in Sources */,
				97417E2E29948F19009CE969 /* GoalManager.swift in Sources */,
				CF5FDC61299D2E5E00F7FCA8 /* KidProfileTag.swift in Sources */,
				CF5FDC5F299D264800F7FCA8 /* Extensions.swift in Sources */,
				CF5FDC582995F28B00F7FCA8 /* TransactionManager.swift in Sources */,
				97417E3529949351009CE969 /* KidService.swift in Sources */,
				CFDB82962976F08D001317A3 /* piggy_bankers_appApp.swift in Sources */,
				97417E332994932B009CE969 /* KidManager.swift in Sources */,
			);
			runOnlyForDeploymentPostprocessing = 0;
		};
		CFDB829E2976F08E001317A3 /* Sources */ = {
			isa = PBXSourcesBuildPhase;
			buildActionMask = 2147483647;
			files = (
				CFDB82A72976F08E001317A3 /* piggy_bankers_appTests.swift in Sources */,
			);
			runOnlyForDeploymentPostprocessing = 0;
		};
		CFDB82A82976F08E001317A3 /* Sources */ = {
			isa = PBXSourcesBuildPhase;
			buildActionMask = 2147483647;
			files = (
				CFDB82B32976F08E001317A3 /* piggy_bankers_appUITestsLaunchTests.swift in Sources */,
				CFDB82B12976F08E001317A3 /* piggy_bankers_appUITests.swift in Sources */,
			);
			runOnlyForDeploymentPostprocessing = 0;
		};
/* End PBXSourcesBuildPhase section */

/* Begin PBXTargetDependency section */
		CFDB82A42976F08E001317A3 /* PBXTargetDependency */ = {
			isa = PBXTargetDependency;
			target = CFDB82912976F08D001317A3 /* piggy_bankers_app */;
			targetProxy = CFDB82A32976F08E001317A3 /* PBXContainerItemProxy */;
		};
		CFDB82AE2976F08E001317A3 /* PBXTargetDependency */ = {
			isa = PBXTargetDependency;
			target = CFDB82912976F08D001317A3 /* piggy_bankers_app */;
			targetProxy = CFDB82AD2976F08E001317A3 /* PBXContainerItemProxy */;
		};
/* End PBXTargetDependency section */

/* Begin XCBuildConfiguration section */
		CFDB82B42976F08E001317A3 /* Debug */ = {
			isa = XCBuildConfiguration;
			buildSettings = {
				ALWAYS_SEARCH_USER_PATHS = NO;
				CLANG_ANALYZER_NONNULL = YES;
				CLANG_ANALYZER_NUMBER_OBJECT_CONVERSION = YES_AGGRESSIVE;
				CLANG_CXX_LANGUAGE_STANDARD = "gnu++20";
				CLANG_ENABLE_MODULES = YES;
				CLANG_ENABLE_OBJC_ARC = YES;
				CLANG_ENABLE_OBJC_WEAK = YES;
				CLANG_WARN_BLOCK_CAPTURE_AUTORELEASING = YES;
				CLANG_WARN_BOOL_CONVERSION = YES;
				CLANG_WARN_COMMA = YES;
				CLANG_WARN_CONSTANT_CONVERSION = YES;
				CLANG_WARN_DEPRECATED_OBJC_IMPLEMENTATIONS = YES;
				CLANG_WARN_DIRECT_OBJC_ISA_USAGE = YES_ERROR;
				CLANG_WARN_DOCUMENTATION_COMMENTS = YES;
				CLANG_WARN_EMPTY_BODY = YES;
				CLANG_WARN_ENUM_CONVERSION = YES;
				CLANG_WARN_INFINITE_RECURSION = YES;
				CLANG_WARN_INT_CONVERSION = YES;
				CLANG_WARN_NON_LITERAL_NULL_CONVERSION = YES;
				CLANG_WARN_OBJC_IMPLICIT_RETAIN_SELF = YES;
				CLANG_WARN_OBJC_LITERAL_CONVERSION = YES;
				CLANG_WARN_OBJC_ROOT_CLASS = YES_ERROR;
				CLANG_WARN_QUOTED_INCLUDE_IN_FRAMEWORK_HEADER = YES;
				CLANG_WARN_RANGE_LOOP_ANALYSIS = YES;
				CLANG_WARN_STRICT_PROTOTYPES = YES;
				CLANG_WARN_SUSPICIOUS_MOVE = YES;
				CLANG_WARN_UNGUARDED_AVAILABILITY = YES_AGGRESSIVE;
				CLANG_WARN_UNREACHABLE_CODE = YES;
				CLANG_WARN__DUPLICATE_METHOD_MATCH = YES;
				COPY_PHASE_STRIP = NO;
				DEBUG_INFORMATION_FORMAT = dwarf;
				ENABLE_STRICT_OBJC_MSGSEND = YES;
				ENABLE_TESTABILITY = YES;
				GCC_C_LANGUAGE_STANDARD = gnu11;
				GCC_DYNAMIC_NO_PIC = NO;
				GCC_NO_COMMON_BLOCKS = YES;
				GCC_OPTIMIZATION_LEVEL = 0;
				GCC_PREPROCESSOR_DEFINITIONS = (
					"DEBUG=1",
					"$(inherited)",
				);
				GCC_WARN_64_TO_32_BIT_CONVERSION = YES;
				GCC_WARN_ABOUT_RETURN_TYPE = YES_ERROR;
				GCC_WARN_UNDECLARED_SELECTOR = YES;
				GCC_WARN_UNINITIALIZED_AUTOS = YES_AGGRESSIVE;
				GCC_WARN_UNUSED_FUNCTION = YES;
				GCC_WARN_UNUSED_VARIABLE = YES;
				IPHONEOS_DEPLOYMENT_TARGET = 16.2;
				MTL_ENABLE_DEBUG_INFO = INCLUDE_SOURCE;
				MTL_FAST_MATH = YES;
				ONLY_ACTIVE_ARCH = YES;
				SDKROOT = iphoneos;
				SWIFT_ACTIVE_COMPILATION_CONDITIONS = DEBUG;
				SWIFT_OPTIMIZATION_LEVEL = "-Onone";
			};
			name = Debug;
		};
		CFDB82B52976F08E001317A3 /* Release */ = {
			isa = XCBuildConfiguration;
			buildSettings = {
				ALWAYS_SEARCH_USER_PATHS = NO;
				CLANG_ANALYZER_NONNULL = YES;
				CLANG_ANALYZER_NUMBER_OBJECT_CONVERSION = YES_AGGRESSIVE;
				CLANG_CXX_LANGUAGE_STANDARD = "gnu++20";
				CLANG_ENABLE_MODULES = YES;
				CLANG_ENABLE_OBJC_ARC = YES;
				CLANG_ENABLE_OBJC_WEAK = YES;
				CLANG_WARN_BLOCK_CAPTURE_AUTORELEASING = YES;
				CLANG_WARN_BOOL_CONVERSION = YES;
				CLANG_WARN_COMMA = YES;
				CLANG_WARN_CONSTANT_CONVERSION = YES;
				CLANG_WARN_DEPRECATED_OBJC_IMPLEMENTATIONS = YES;
				CLANG_WARN_DIRECT_OBJC_ISA_USAGE = YES_ERROR;
				CLANG_WARN_DOCUMENTATION_COMMENTS = YES;
				CLANG_WARN_EMPTY_BODY = YES;
				CLANG_WARN_ENUM_CONVERSION = YES;
				CLANG_WARN_INFINITE_RECURSION = YES;
				CLANG_WARN_INT_CONVERSION = YES;
				CLANG_WARN_NON_LITERAL_NULL_CONVERSION = YES;
				CLANG_WARN_OBJC_IMPLICIT_RETAIN_SELF = YES;
				CLANG_WARN_OBJC_LITERAL_CONVERSION = YES;
				CLANG_WARN_OBJC_ROOT_CLASS = YES_ERROR;
				CLANG_WARN_QUOTED_INCLUDE_IN_FRAMEWORK_HEADER = YES;
				CLANG_WARN_RANGE_LOOP_ANALYSIS = YES;
				CLANG_WARN_STRICT_PROTOTYPES = YES;
				CLANG_WARN_SUSPICIOUS_MOVE = YES;
				CLANG_WARN_UNGUARDED_AVAILABILITY = YES_AGGRESSIVE;
				CLANG_WARN_UNREACHABLE_CODE = YES;
				CLANG_WARN__DUPLICATE_METHOD_MATCH = YES;
				COPY_PHASE_STRIP = NO;
				DEBUG_INFORMATION_FORMAT = "dwarf-with-dsym";
				ENABLE_NS_ASSERTIONS = NO;
				ENABLE_STRICT_OBJC_MSGSEND = YES;
				GCC_C_LANGUAGE_STANDARD = gnu11;
				GCC_NO_COMMON_BLOCKS = YES;
				GCC_WARN_64_TO_32_BIT_CONVERSION = YES;
				GCC_WARN_ABOUT_RETURN_TYPE = YES_ERROR;
				GCC_WARN_UNDECLARED_SELECTOR = YES;
				GCC_WARN_UNINITIALIZED_AUTOS = YES_AGGRESSIVE;
				GCC_WARN_UNUSED_FUNCTION = YES;
				GCC_WARN_UNUSED_VARIABLE = YES;
				IPHONEOS_DEPLOYMENT_TARGET = 16.2;
				MTL_ENABLE_DEBUG_INFO = NO;
				MTL_FAST_MATH = YES;
				SDKROOT = iphoneos;
				SWIFT_COMPILATION_MODE = wholemodule;
				SWIFT_OPTIMIZATION_LEVEL = "-O";
				VALIDATE_PRODUCT = YES;
			};
			name = Release;
		};
		CFDB82B72976F08E001317A3 /* Debug */ = {
			isa = XCBuildConfiguration;
			buildSettings = {
				ASSETCATALOG_COMPILER_APPICON_NAME = AppIcon;
				ASSETCATALOG_COMPILER_GLOBAL_ACCENT_COLOR_NAME = AccentColor;
				CODE_SIGN_STYLE = Automatic;
				CURRENT_PROJECT_VERSION = 1;
				DEVELOPMENT_ASSET_PATHS = "\"piggy_bankers_app/Preview Content\"";
				DEVELOPMENT_TEAM = Y9WNGWP3CA;
				ENABLE_PREVIEWS = YES;
				GENERATE_INFOPLIST_FILE = YES;
				INFOPLIST_KEY_UIApplicationSceneManifest_Generation = YES;
				INFOPLIST_KEY_UIApplicationSupportsIndirectInputEvents = YES;
				INFOPLIST_KEY_UILaunchScreen_Generation = YES;
				INFOPLIST_KEY_UISupportedInterfaceOrientations_iPad = "UIInterfaceOrientationPortrait UIInterfaceOrientationPortraitUpsideDown UIInterfaceOrientationLandscapeLeft UIInterfaceOrientationLandscapeRight";
				INFOPLIST_KEY_UISupportedInterfaceOrientations_iPhone = "UIInterfaceOrientationPortrait UIInterfaceOrientationLandscapeLeft UIInterfaceOrientationLandscapeRight";
				LD_RUNPATH_SEARCH_PATHS = (
					"$(inherited)",
					"@executable_path/Frameworks",
				);
				MARKETING_VERSION = 1.0;
				PRODUCT_BUNDLE_IDENTIFIER = "com.capstone.piggy-bankers-app";
				PRODUCT_NAME = "$(TARGET_NAME)";
				SWIFT_EMIT_LOC_STRINGS = YES;
				SWIFT_VERSION = 5.0;
				TARGETED_DEVICE_FAMILY = "1,2";
			};
			name = Debug;
		};
		CFDB82B82976F08E001317A3 /* Release */ = {
			isa = XCBuildConfiguration;
			buildSettings = {
				ASSETCATALOG_COMPILER_APPICON_NAME = AppIcon;
				ASSETCATALOG_COMPILER_GLOBAL_ACCENT_COLOR_NAME = AccentColor;
				CODE_SIGN_STYLE = Automatic;
				CURRENT_PROJECT_VERSION = 1;
				DEVELOPMENT_ASSET_PATHS = "\"piggy_bankers_app/Preview Content\"";
				DEVELOPMENT_TEAM = Y9WNGWP3CA;
				ENABLE_PREVIEWS = YES;
				GENERATE_INFOPLIST_FILE = YES;
				INFOPLIST_KEY_UIApplicationSceneManifest_Generation = YES;
				INFOPLIST_KEY_UIApplicationSupportsIndirectInputEvents = YES;
				INFOPLIST_KEY_UILaunchScreen_Generation = YES;
				INFOPLIST_KEY_UISupportedInterfaceOrientations_iPad = "UIInterfaceOrientationPortrait UIInterfaceOrientationPortraitUpsideDown UIInterfaceOrientationLandscapeLeft UIInterfaceOrientationLandscapeRight";
				INFOPLIST_KEY_UISupportedInterfaceOrientations_iPhone = "UIInterfaceOrientationPortrait UIInterfaceOrientationLandscapeLeft UIInterfaceOrientationLandscapeRight";
				LD_RUNPATH_SEARCH_PATHS = (
					"$(inherited)",
					"@executable_path/Frameworks",
				);
				MARKETING_VERSION = 1.0;
				PRODUCT_BUNDLE_IDENTIFIER = "com.capstone.piggy-bankers-app";
				PRODUCT_NAME = "$(TARGET_NAME)";
				SWIFT_EMIT_LOC_STRINGS = YES;
				SWIFT_VERSION = 5.0;
				TARGETED_DEVICE_FAMILY = "1,2";
			};
			name = Release;
		};
		CFDB82BA2976F08E001317A3 /* Debug */ = {
			isa = XCBuildConfiguration;
			buildSettings = {
				ALWAYS_EMBED_SWIFT_STANDARD_LIBRARIES = YES;
				BUNDLE_LOADER = "$(TEST_HOST)";
				CODE_SIGN_STYLE = Automatic;
				CURRENT_PROJECT_VERSION = 1;
				DEVELOPMENT_TEAM = Y9WNGWP3CA;
				GENERATE_INFOPLIST_FILE = YES;
				IPHONEOS_DEPLOYMENT_TARGET = 16.2;
				MARKETING_VERSION = 1.0;
				PRODUCT_BUNDLE_IDENTIFIER = "com.capstone.piggy-bankers-appTests";
				PRODUCT_NAME = "$(TARGET_NAME)";
				SWIFT_EMIT_LOC_STRINGS = NO;
				SWIFT_VERSION = 5.0;
				TARGETED_DEVICE_FAMILY = "1,2";
				TEST_HOST = "$(BUILT_PRODUCTS_DIR)/piggy_bankers_app.app/$(BUNDLE_EXECUTABLE_FOLDER_PATH)/piggy_bankers_app";
			};
			name = Debug;
		};
		CFDB82BB2976F08E001317A3 /* Release */ = {
			isa = XCBuildConfiguration;
			buildSettings = {
				ALWAYS_EMBED_SWIFT_STANDARD_LIBRARIES = YES;
				BUNDLE_LOADER = "$(TEST_HOST)";
				CODE_SIGN_STYLE = Automatic;
				CURRENT_PROJECT_VERSION = 1;
				DEVELOPMENT_TEAM = Y9WNGWP3CA;
				GENERATE_INFOPLIST_FILE = YES;
				IPHONEOS_DEPLOYMENT_TARGET = 16.2;
				MARKETING_VERSION = 1.0;
				PRODUCT_BUNDLE_IDENTIFIER = "com.capstone.piggy-bankers-appTests";
				PRODUCT_NAME = "$(TARGET_NAME)";
				SWIFT_EMIT_LOC_STRINGS = NO;
				SWIFT_VERSION = 5.0;
				TARGETED_DEVICE_FAMILY = "1,2";
				TEST_HOST = "$(BUILT_PRODUCTS_DIR)/piggy_bankers_app.app/$(BUNDLE_EXECUTABLE_FOLDER_PATH)/piggy_bankers_app";
			};
			name = Release;
		};
		CFDB82BD2976F08E001317A3 /* Debug */ = {
			isa = XCBuildConfiguration;
			buildSettings = {
				ALWAYS_EMBED_SWIFT_STANDARD_LIBRARIES = YES;
				CODE_SIGN_STYLE = Automatic;
				CURRENT_PROJECT_VERSION = 1;
				DEVELOPMENT_TEAM = Y9WNGWP3CA;
				GENERATE_INFOPLIST_FILE = YES;
				MARKETING_VERSION = 1.0;
				PRODUCT_BUNDLE_IDENTIFIER = "com.capstone.piggy-bankers-appUITests";
				PRODUCT_NAME = "$(TARGET_NAME)";
				SWIFT_EMIT_LOC_STRINGS = NO;
				SWIFT_VERSION = 5.0;
				TARGETED_DEVICE_FAMILY = "1,2";
				TEST_TARGET_NAME = piggy_bankers_app;
			};
			name = Debug;
		};
		CFDB82BE2976F08E001317A3 /* Release */ = {
			isa = XCBuildConfiguration;
			buildSettings = {
				ALWAYS_EMBED_SWIFT_STANDARD_LIBRARIES = YES;
				CODE_SIGN_STYLE = Automatic;
				CURRENT_PROJECT_VERSION = 1;
				DEVELOPMENT_TEAM = Y9WNGWP3CA;
				GENERATE_INFOPLIST_FILE = YES;
				MARKETING_VERSION = 1.0;
				PRODUCT_BUNDLE_IDENTIFIER = "com.capstone.piggy-bankers-appUITests";
				PRODUCT_NAME = "$(TARGET_NAME)";
				SWIFT_EMIT_LOC_STRINGS = NO;
				SWIFT_VERSION = 5.0;
				TARGETED_DEVICE_FAMILY = "1,2";
				TEST_TARGET_NAME = piggy_bankers_app;
			};
			name = Release;
		};
/* End XCBuildConfiguration section */

/* Begin XCConfigurationList section */
		CFDB828D2976F08D001317A3 /* Build configuration list for PBXProject "piggy_bankers_app" */ = {
			isa = XCConfigurationList;
			buildConfigurations = (
				CFDB82B42976F08E001317A3 /* Debug */,
				CFDB82B52976F08E001317A3 /* Release */,
			);
			defaultConfigurationIsVisible = 0;
			defaultConfigurationName = Release;
		};
		CFDB82B62976F08E001317A3 /* Build configuration list for PBXNativeTarget "piggy_bankers_app" */ = {
			isa = XCConfigurationList;
			buildConfigurations = (
				CFDB82B72976F08E001317A3 /* Debug */,
				CFDB82B82976F08E001317A3 /* Release */,
			);
			defaultConfigurationIsVisible = 0;
			defaultConfigurationName = Release;
		};
		CFDB82B92976F08E001317A3 /* Build configuration list for PBXNativeTarget "piggy_bankers_appTests" */ = {
			isa = XCConfigurationList;
			buildConfigurations = (
				CFDB82BA2976F08E001317A3 /* Debug */,
				CFDB82BB2976F08E001317A3 /* Release */,
			);
			defaultConfigurationIsVisible = 0;
			defaultConfigurationName = Release;
		};
		CFDB82BC2976F08E001317A3 /* Build configuration list for PBXNativeTarget "piggy_bankers_appUITests" */ = {
			isa = XCConfigurationList;
			buildConfigurations = (
				CFDB82BD2976F08E001317A3 /* Debug */,
				CFDB82BE2976F08E001317A3 /* Release */,
			);
			defaultConfigurationIsVisible = 0;
			defaultConfigurationName = Release;
		};
/* End XCConfigurationList section */

/* Begin XCRemoteSwiftPackageReference section */
		97871AB329921EA800B0FDA4 /* XCRemoteSwiftPackageReference "PostgresClientKit" */ = {
			isa = XCRemoteSwiftPackageReference;
			repositoryURL = "https://github.com/codewinsdotcom/PostgresClientKit";
			requirement = {
				kind = upToNextMajorVersion;
				minimumVersion = 1.0.0;
			};
		};
/* End XCRemoteSwiftPackageReference section */

/* Begin XCSwiftPackageProductDependency section */
		97871AB429921EA800B0FDA4 /* PostgresClientKit */ = {
			isa = XCSwiftPackageProductDependency;
			package = 97871AB329921EA800B0FDA4 /* XCRemoteSwiftPackageReference "PostgresClientKit" */;
			productName = PostgresClientKit;
		};
/* End XCSwiftPackageProductDependency section */
	};
	rootObject = CFDB828A2976F08D001317A3 /* Project object */;
}
